
Microsoft Visual Studio Solution File, Format Version 12.00
# Visual Studio Version 17
VisualStudioVersion = 17.14.36310.24
MinimumVisualStudioVersion = 10.0.40219.1
Project("{FAE04EC0-301F-11D3-BF4B-00C04F79EFBC}") = "TodoList.MVVM.Native", "TodoList.MVVM.Native\TodoList.MVVM.Native.csproj", "{5C30C4E8-2F23-48E5-9890-9CA005782762}"
EndProject
Project("{FAE04EC0-301F-11D3-BF4B-00C04F79EFBC}") = "TodoList.MVVM.ToolKit", "TodoList.MVVM.ToolKit\TodoList.MVVM.ToolKit.csproj", "{F5C0B567-2BBB-43F8-9281-7852DB54BD8D}"
EndProject
Global
	GlobalSection(SolutionConfigurationPlatforms) = preSolution
		Debug|Any CPU = Debug|Any CPU
		Release|Any CPU = Release|Any CPU
	EndGlobalSection
	GlobalSection(ProjectConfigurationPlatforms) = postSolution
		{5C30C4E8-2F23-48E5-9890-9CA005782762}.Debug|Any CPU.ActiveCfg = Debug|Any CPU
		{5C30C4E8-2F23-48E5-9890-9CA005782762}.Debug|Any CPU.Build.0 = Debug|Any CPU
		{5C30C4E8-2F23-48E5-9890-9CA005782762}.Release|Any CPU.ActiveCfg = Release|Any CPU
		{5C30C4E8-2F23-48E5-9890-9CA005782762}.Release|Any CPU.Build.0 = Release|Any CPU
		{F5C0B567-2BBB-43F8-9281-7852DB54BD8D}.Debug|Any CPU.ActiveCfg = Debug|Any CPU
		{F5C0B567-2BBB-43F8-9281-7852DB54BD8D}.Debug|Any CPU.Build.0 = Debug|Any CPU
		{F5C0B567-2BBB-43F8-9281-7852DB54BD8D}.Release|Any CPU.ActiveCfg = Release|Any CPU
		{F5C0B567-2BBB-43F8-9281-7852DB54BD8D}.Release|Any CPU.Build.0 = Release|Any CPU
	EndGlobalSection
	GlobalSection(SolutionProperties) = preSolution
		HideSolutionNode = FALSE
	EndGlobalSection
	GlobalSection(ExtensibilityGlobals) = postSolution
		SolutionGuid = {264BD3C3-BAD3-4449-BC3D-FCACFA66ADC2}
	EndGlobalSection
EndGlobal
